
Microsoft Visual Studio Solution File, Format Version 12.00
# Visual Studio Version 17
VisualStudioVersion = 17.10.35013.160
MinimumVisualStudioVersion = 10.0.40219.1
Project("{FAE04EC0-301F-11D3-BF4B-00C04F79EFBC}") = "PresentationLayer", "PresentationLayer.csproj", "{D05AB4A1-4176-4ED9-A232-8BFD3DCC0BA0}"
EndProject
Project("{FAE04EC0-301F-11D3-BF4B-00C04F79EFBC}") = "DataAccessLayer", "..\DataAccessLayer\DataAccessLayer.csproj", "{49586BF2-45BD-467D-AEF5-A852D259B001}"
EndProject
Project("{FAE04EC0-301F-11D3-BF4B-00C04F79EFBC}") = "BusinessLayer", "..\BusinessLayer\BusinessLayer.csproj", "{C0862062-0C4B-453D-9620-56F18B2F70C1}"
EndProject
Global
	GlobalSection(SolutionConfigurationPlatforms) = preSolution
		Debug|Any CPU = Debug|Any CPU
		Release|Any CPU = Release|Any CPU
	EndGlobalSection
	GlobalSection(ProjectConfigurationPlatforms) = postSolution
		{D05AB4A1-4176-4ED9-A232-8BFD3DCC0BA0}.Debug|Any CPU.ActiveCfg = Debug|Any CPU
		{D05AB4A1-4176-4ED9-A232-8BFD3DCC0BA0}.Debug|Any CPU.Build.0 = Debug|Any CPU
		{D05AB4A1-4176-4ED9-A232-8BFD3DCC0BA0}.Release|Any CPU.ActiveCfg = Release|Any CPU
		{D05AB4A1-4176-4ED9-A232-8BFD3DCC0BA0}.Release|Any CPU.Build.0 = Release|Any CPU
		{49586BF2-45BD-467D-AEF5-A852D259B001}.Debug|Any CPU.ActiveCfg = Debug|Any CPU
		{49586BF2-45BD-467D-AEF5-A852D259B001}.Debug|Any CPU.Build.0 = Debug|Any CPU
		{49586BF2-45BD-467D-AEF5-A852D259B001}.Release|Any CPU.ActiveCfg = Release|Any CPU
		{49586BF2-45BD-467D-AEF5-A852D259B001}.Release|Any CPU.Build.0 = Release|Any CPU
		{C0862062-0C4B-453D-9620-56F18B2F70C1}.Debug|Any CPU.ActiveCfg = Debug|Any CPU
		{C0862062-0C4B-453D-9620-56F18B2F70C1}.Debug|Any CPU.Build.0 = Debug|Any CPU
		{C0862062-0C4B-453D-9620-56F18B2F70C1}.Release|Any CPU.ActiveCfg = Release|Any CPU
		{C0862062-0C4B-453D-9620-56F18B2F70C1}.Release|Any CPU.Build.0 = Release|Any CPU
	EndGlobalSection
	GlobalSection(SolutionProperties) = preSolution
		HideSolutionNode = FALSE
	EndGlobalSection
	GlobalSection(ExtensibilityGlobals) = postSolution
		SolutionGuid = {43D42D24-99A1-4AA1-8159-545CDBCF12DA}
	EndGlobalSection
EndGlobal
